dependencies:
- name: postgresql
  repository: https://charts.bitnami.com/bitnami
  version: 12.10.0
- name: pgadmin4
  repository: https://helm.runix.net
  version: 1.17.1
- name: airflow
  repository: https://airflow.apache.org
  version: 1.11.0
- name: minio
  repository: https://charts.min.io/
  version: 5.0.14
- name: Trino
  repository: https://data354.github.io/Helmschart354/Trino
  version: 0.2.1
- name: sparkhistory
  repository: https://data354.github.io/Helmschart354/sparkhistoryserver
  version: 0.1.0
digest: sha256:6d5f411983fb200267e4abfdd9deccd70c04eb6c4fb4abe7c80e0cd5800a1710
generated: "2023-12-11T18:32:41.37151934Z"
